PODS:
  - Flutter (1.0.0)
  - flutter_yandex_appmetric (0.0.1):
    - Flutter
    - YandexMobileMetrica/Dynamic (= 3.7.1)
  - YandexMobileMetrica/Dynamic (3.7.1):
    - YandexMobileMetrica/Dynamic/Core (= 3.7.1)
    - YandexMobileMetrica/Dynamic/Crashes (= 3.7.1)
  - YandexMobileMetrica/Dynamic/Core (3.7.1)
  - YandexMobileMetrica/Dynamic/Crashes (3.7.1):
    - YandexMobileMetrica/Dynamic/Core

DEPENDENCIES:
  - Flutter (from `.symlinks/flutter/ios`)
  - flutter_yandex_appmetric (from `.symlinks/plugins/flutter_yandex_appmetric/ios`)

SPEC REPOS:
  https://github.com/cocoapods/specs.git:
    - YandexMobileMetrica

EXTERNAL SOURCES:
  Flutter:
    :path: ".symlinks/flutter/ios"
  flutter_yandex_appmetric:
    :path: ".symlinks/plugins/flutter_yandex_appmetric/ios"

SPEC CHECKSUMS:
  Flutter: 58dd7d1b27887414a370fcccb9e645c08ffd7a6a
  flutter_yandex_appmetric: 614059760dab7fc93c638ed3ad3fbe5f8396254a
  YandexMobileMetrica: 95e93ee5af38520c9e470533dc8df6cf72fa171d

PODFILE CHECKSUM: 2c26e2bafa90f053205a9e99ab1fdce88251e293

COCOAPODS: 1.7.4
